
Microsoft Visual Studio Solution File, Format Version 12.00
# Visual Studio Version 16
VisualStudioVersion = 16.0.29209.62
MinimumVisualStudioVersion = 10.0.40219.1
Project("{FAE04EC0-301F-11D3-BF4B-00C04F79EFBC}") = "App_Parking", "App_Parking\App_Parking.csproj", "{D5543A38-F185-4A70-9B98-160DEEF82414}"
EndProject
Project("{FAE04EC0-301F-11D3-BF4B-00C04F79EFBC}") = "BusinessEntities", "BusinessEntities\BusinessEntities.csproj", "{A836C5D3-B4D3-4637-92A0-5803A7189DBB}"
EndProject
Project("{FAE04EC0-301F-11D3-BF4B-00C04F79EFBC}") = "Base", "Base\Base.csproj", "{5B373DBE-E73B-448B-AB15-C810D410962C}"
EndProject
Project("{FAE04EC0-301F-11D3-BF4B-00C04F79EFBC}") = "App.Api", "App.Api\App.Api.csproj", "{DA074BED-DF4C-484E-A644-F25B90CAEBF6}"
EndProject
Project("{FAE04EC0-301F-11D3-BF4B-00C04F79EFBC}") = "DA", "DA\DA.csproj", "{F30BB1FB-34A5-4457-A785-35CB0B5F8E1B}"
EndProject
Global
	GlobalSection(SolutionConfigurationPlatforms) = preSolution
		Debug|Any CPU = Debug|Any CPU
		Release|Any CPU = Release|Any CPU
	EndGlobalSection
	GlobalSection(ProjectConfigurationPlatforms) = postSolution
		{D5543A38-F185-4A70-9B98-160DEEF82414}.Debug|Any CPU.ActiveCfg = Debug|Any CPU
		{D5543A38-F185-4A70-9B98-160DEEF82414}.Debug|Any CPU.Build.0 = Debug|Any CPU
		{D5543A38-F185-4A70-9B98-160DEEF82414}.Release|Any CPU.ActiveCfg = Release|Any CPU
		{D5543A38-F185-4A70-9B98-160DEEF82414}.Release|Any CPU.Build.0 = Release|Any CPU
		{A836C5D3-B4D3-4637-92A0-5803A7189DBB}.Debug|Any CPU.ActiveCfg = Debug|Any CPU
		{A836C5D3-B4D3-4637-92A0-5803A7189DBB}.Debug|Any CPU.Build.0 = Debug|Any CPU
		{A836C5D3-B4D3-4637-92A0-5803A7189DBB}.Release|Any CPU.ActiveCfg = Release|Any CPU
		{A836C5D3-B4D3-4637-92A0-5803A7189DBB}.Release|Any CPU.Build.0 = Release|Any CPU
		{5B373DBE-E73B-448B-AB15-C810D410962C}.Debug|Any CPU.ActiveCfg = Debug|Any CPU
		{5B373DBE-E73B-448B-AB15-C810D410962C}.Debug|Any CPU.Build.0 = Debug|Any CPU
		{5B373DBE-E73B-448B-AB15-C810D410962C}.Release|Any CPU.ActiveCfg = Release|Any CPU
		{5B373DBE-E73B-448B-AB15-C810D410962C}.Release|Any CPU.Build.0 = Release|Any CPU
		{DA074BED-DF4C-484E-A644-F25B90CAEBF6}.Debug|Any CPU.ActiveCfg = Debug|Any CPU
		{DA074BED-DF4C-484E-A644-F25B90CAEBF6}.Debug|Any CPU.Build.0 = Debug|Any CPU
		{DA074BED-DF4C-484E-A644-F25B90CAEBF6}.Release|Any CPU.ActiveCfg = Release|Any CPU
		{DA074BED-DF4C-484E-A644-F25B90CAEBF6}.Release|Any CPU.Build.0 = Release|Any CPU
		{F30BB1FB-34A5-4457-A785-35CB0B5F8E1B}.Debug|Any CPU.ActiveCfg = Debug|Any CPU
		{F30BB1FB-34A5-4457-A785-35CB0B5F8E1B}.Debug|Any CPU.Build.0 = Debug|Any CPU
		{F30BB1FB-34A5-4457-A785-35CB0B5F8E1B}.Release|Any CPU.ActiveCfg = Release|Any CPU
		{F30BB1FB-34A5-4457-A785-35CB0B5F8E1B}.Release|Any CPU.Build.0 = Release|Any CPU
	EndGlobalSection
	GlobalSection(SolutionProperties) = preSolution
		HideSolutionNode = FALSE
	EndGlobalSection
	GlobalSection(ExtensibilityGlobals) = postSolution
		SolutionGuid = {17F5E01C-0C61-4217-BC3D-633FB0543277}
	EndGlobalSection
EndGlobal
